
Microsoft Visual Studio Solution File, Format Version 12.00
# Visual Studio 15
VisualStudioVersion = 15.0.27130.2027
MinimumVisualStudioVersion = 10.0.40219.1
Project("{FAE04EC0-301F-11D3-BF4B-00C04F79EFBC}") = "calu4-t7", "calu4-t7\calu4-t7.csproj", "{479877C3-8760-482B-9EBB-5510E0698175}"
EndProject
Global
	GlobalSection(SolutionConfigurationPlatforms) = preSolution
		Debug|Any CPU = Debug|Any CPU
		Release|Any CPU = Release|Any CPU
	EndGlobalSection
	GlobalSection(ProjectConfigurationPlatforms) = postSolution
		{479877C3-8760-482B-9EBB-5510E0698175}.Debug|Any CPU.ActiveCfg = Debug|Any CPU
		{479877C3-8760-482B-9EBB-5510E0698175}.Debug|Any CPU.Build.0 = Debug|Any CPU
		{479877C3-8760-482B-9EBB-5510E0698175}.Release|Any CPU.ActiveCfg = Release|Any CPU
		{479877C3-8760-482B-9EBB-5510E0698175}.Release|Any CPU.Build.0 = Release|Any CPU
	EndGlobalSection
	GlobalSection(SolutionProperties) = preSolution
		HideSolutionNode = FALSE
	EndGlobalSection
	GlobalSection(ExtensibilityGlobals) = postSolution
		SolutionGuid = {E7D942DE-7E67-44C2-8B32-F01038020173}
	EndGlobalSection
EndGlobal
